PODS:
  - Alamofire (4.8.1)
  - AlamofireImage (3.5.0):
    - Alamofire (~> 4.8)
  - DBC (1.2.0):
    - DBC/Bridged (= 1.2.0)
    - DBC/Objc (= 1.2.0)
    - DBC/Swift (= 1.2.0)
  - DBC/Bridged (1.2.0):
    - DBC/Objc
    - DBC/Swift
  - DBC/Objc (1.2.0)
  - DBC/Swift (1.2.0)

DEPENDENCIES:
  - Alamofire
  - AlamofireImage
  - "DBC (from `git@github.com:busybusy/DBC-Apple.git`)"

SPEC REPOS:
  https://github.com/cocoapods/specs.git:
    - Alamofire
    - AlamofireImage

EXTERNAL SOURCES:
  DBC:
    :git: "git@github.com:busybusy/DBC-Apple.git"

CHECKOUT OPTIONS:
  DBC:
    :commit: 6333daa6a69336d8af8b2ec5a55bbe50e37ef9ab
    :git: "git@github.com:busybusy/DBC-Apple.git"

SPEC CHECKSUMS:
  Alamofire: 16ce2c353fb72865124ddae8a57c5942388f4f11
  AlamofireImage: 1aea346f4dda2f6c67622fa5a89fcbb80d79cc16
  DBC: ec1e0b9779661a1f3ba320b477cc2894182e9bec

PODFILE CHECKSUM: 30ad2508f75e7a4bd8883806ff40a693fb894a8d

COCOAPODS: 1.6.0.beta.2
