// !$*UTF8*$!
{
	archiveVersion = 1;
	classes = {
	};
	objectVersion = 50;
	objects = {

/* Begin PBXBuildFile section */
		9060367A5E1F15F3F51111B5 /* Pods_MemberSampleTests.framework in Frameworks */ = {isa = PBXBuildFile; fileRef = F29A02E7B20D5AB42FCDD71E /* Pods_MemberSampleTests.framework */; };
		9B0519D66319BFD0A33209CA /* Pods_MemberSample.framework in Frameworks */ = {isa = PBXBuildFile; fileRef = A3F6C902ADA735D005E8DBBC /* Pods_MemberSample.framework */; };
		B85A74082211E41500C21033 /* AppDelegate.swift in Sources */ = {isa = PBXBuildFile; fileRef = B85A74072211E41500C21033 /* AppDelegate.swift */; };
		B85A740B2211E41500C21033 /* MemberSample.xcdatamodeld in Sources */ = {isa = PBXBuildFile; fileRef = B85A74092211E41500C21033 /* MemberSample.xcdatamodeld */; };
		B85A740D2211E41500C21033 /* MasterViewController.swift in Sources */ = {isa = PBXBuildFile; fileRef = B85A740C2211E41500C21033 /* MasterViewController.swift */; };
		B85A740F2211E41500C21033 /* DetailViewController.swift in Sources */ = {isa = PBXBuildFile; fileRef = B85A740E2211E41500C21033 /* DetailViewController.swift */; };
		B85A74122211E41500C21033 /* Main.storyboard in Resources */ = {isa = PBXBuildFile; fileRef = B85A74102211E41500C21033 /* Main.storyboard */; };
		B85A74142211E41800C21033 /* Assets.xcassets in Resources */ = {isa = PBXBuildFile; fileRef = B85A74132211E41800C21033 /* Assets.xcassets */; };
		B85A74172211E41800C21033 /* LaunchScreen.storyboard in Resources */ = {isa = PBXBuildFile; fileRef = B85A74152211E41800C21033 /* LaunchScreen.storyboard */; };
		B85A74212211EC0A00C21033 /* Member+CoreDataClass.swift in Sources */ = {isa = PBXBuildFile; fileRef = B85A741F2211EC0A00C21033 /* Member+CoreDataClass.swift */; };
		B85A74222211EC0A00C21033 /* Member+CoreDataProperties.swift in Sources */ = {isa = PBXBuildFile; fileRef = B85A74202211EC0A00C21033 /* Member+CoreDataProperties.swift */; };
		B85A74272211EFD900C21033 /* Fetchable.swift in Sources */ = {isa = PBXBuildFile; fileRef = B85A74252211EFD900C21033 /* Fetchable.swift */; };
		B85A74282211EFD900C21033 /* FetchableDecodable.swift in Sources */ = {isa = PBXBuildFile; fileRef = B85A74262211EFD900C21033 /* FetchableDecodable.swift */; };
		B85A742B2211F23400C21033 /* NSObject+Additions.swift in Sources */ = {isa = PBXBuildFile; fileRef = B85A742A2211F23400C21033 /* NSObject+Additions.swift */; };
		B85A742D2211F4D900C21033 /* DispatchQueueDictionary.swift in Sources */ = {isa = PBXBuildFile; fileRef = B85A742C2211F4D900C21033 /* DispatchQueueDictionary.swift */; };
		B85A74312212351100C21033 /* Dictionary+Json.swift in Sources */ = {isa = PBXBuildFile; fileRef = B85A74302212351100C21033 /* Dictionary+Json.swift */; };
		B85A743322123FFD00C21033 /* Member+Syncable.swift in Sources */ = {isa = PBXBuildFile; fileRef = B85A743222123FFD00C21033 /* Member+Syncable.swift */; };
		B85A7435221240A300C21033 /* Syncable.swift in Sources */ = {isa = PBXBuildFile; fileRef = B85A7434221240A300C21033 /* Syncable.swift */; };
		B8FB34FA221CCF6100DAA409 /* MemberSampleTests.swift in Sources */ = {isa = PBXBuildFile; fileRef = B8FB34F9221CCF6000DAA409 /* MemberSampleTests.swift */; };
		B8FB3502221CCFA800DAA409 /* CoreDataTestCase.swift in Sources */ = {isa = PBXBuildFile; fileRef = B8FB3501221CCFA800DAA409 /* CoreDataTestCase.swift */; };
		B8FB3504221CD10400DAA409 /* FetchableDecodableArrayTest.swift in Sources */ = {isa = PBXBuildFile; fileRef = B8FB3503221CD10400DAA409 /* FetchableDecodableArrayTest.swift */; };
		B8FB3506221CD2D900DAA409 /* JSONSerialization+Additions.swift in Sources */ = {isa = PBXBuildFile; fileRef = B8FB3505221CD2D900DAA409 /* JSONSerialization+Additions.swift */; };
		B8FB3509221CD79800DAA409 /* main.swift in Sources */ = {isa = PBXBuildFile; fileRef = B8FB3507221CD79800DAA409 /* main.swift */; };
		B8FB350A221CD79800DAA409 /* TestingAppDelegate.swift in Sources */ = {isa = PBXBuildFile; fileRef = B8FB3508221CD79800DAA409 /* TestingAppDelegate.swift */; };
		B8FB3515221CDC2700DAA409 /* MemberSample.xcdatamodeld in Sources */ = {isa = PBXBuildFile; fileRef = B85A74092211E41500C21033 /* MemberSample.xcdatamodeld */; };
/* End PBXBuildFile section */

/* Begin PBXContainerItemProxy section */
		B8FB34FC221CCF6100DAA409 /* PBXContainerItemProxy */ = {
			isa = PBXContainerItemProxy;
			containerPortal = B85A73FC2211E41500C21033 /* Project object */;
			proxyType = 1;
			remoteGlobalIDString = B85A74032211E41500C21033;
			remoteInfo = MemberSample;
		};
/* End PBXContainerItemProxy section */

/* Begin PBXFileReference section */
		4380CBAB47BD2AE8F5129129 /* Pods-MemberSampleTests.debug.xcconfig */ = {isa = PBXFileReference; includeInIndex = 1; lastKnownFileType = text.xcconfig; name = "Pods-MemberSampleTests.debug.xcconfig"; path = "Pods/Target Support Files/Pods-MemberSampleTests/Pods-MemberSampleTests.debug.xcconfig"; sourceTree = "<group>"; };
		8F005632F6206428DFC5E783 /* Pods-MemberSample.release.xcconfig */ = {isa = PBXFileReference; includeInIndex = 1; lastKnownFileType = text.xcconfig; name = "Pods-MemberSample.release.xcconfig"; path = "Pods/Target Support Files/Pods-MemberSample/Pods-MemberSample.release.xcconfig"; sourceTree = "<group>"; };
		A3F6C902ADA735D005E8DBBC /* Pods_MemberSample.framework */ = {isa = PBXFileReference; explicitFileType = wrapper.framework; includeInIndex = 0; path = Pods_MemberSample.framework; sourceTree = BUILT_PRODUCTS_DIR; };
		B85A74042211E41500C21033 /* MemberSample.app */ = {isa = PBXFileReference; explicitFileType = wrapper.application; includeInIndex = 0; path = MemberSample.app; sourceTree = BUILT_PRODUCTS_DIR; };
		B85A74072211E41500C21033 /* AppDelegate.swift */ = {isa = PBXFileReference; lastKnownFileType = sourcecode.swift; path = AppDelegate.swift; sourceTree = "<group>"; };
		B85A740A2211E41500C21033 /* MemberSample.xcdatamodel */ = {isa = PBXFileReference; lastKnownFileType = wrapper.xcdatamodel; path = MemberSample.xcdatamodel; sourceTree = "<group>"; };
		B85A740C2211E41500C21033 /* MasterViewController.swift */ = {isa = PBXFileReference; lastKnownFileType = sourcecode.swift; path = MasterViewController.swift; sourceTree = "<group>"; };
		B85A740E2211E41500C21033 /* DetailViewController.swift */ = {isa = PBXFileReference; lastKnownFileType = sourcecode.swift; path = DetailViewController.swift; sourceTree = "<group>"; };
		B85A74112211E41500C21033 /* Base */ = {isa = PBXFileReference; lastKnownFileType = file.storyboard; name = Base; path = Base.lproj/Main.storyboard; sourceTree = "<group>"; };
		B85A74132211E41800C21033 /* Assets.xcassets */ = {isa = PBXFileReference; lastKnownFileType = folder.assetcatalog; path = Assets.xcassets; sourceTree = "<group>"; };
		B85A74162211E41800C21033 /* Base */ = {isa = PBXFileReference; lastKnownFileType = file.storyboard; name = Base; path = Base.lproj/LaunchScreen.storyboard; sourceTree = "<group>"; };
		B85A74182211E41800C21033 /* Info.plist */ = {isa = PBXFileReference; lastKnownFileType = text.plist.xml; path = Info.plist; sourceTree = "<group>"; };
		B85A741F2211EC0A00C21033 /* Member+CoreDataClass.swift */ = {isa = PBXFileReference; lastKnownFileType = sourcecode.swift; name = "Member+CoreDataClass.swift"; path = "/Sources/cabosoft/clients/JobStuff/MemberSample/MemberSample/Data Models/Member+CoreDataClass.swift"; sourceTree = "<absolute>"; };
		B85A74202211EC0A00C21033 /* Member+CoreDataProperties.swift */ = {isa = PBXFileReference; lastKnownFileType = sourcecode.swift; name = "Member+CoreDataProperties.swift"; path = "/Sources/cabosoft/clients/JobStuff/MemberSample/MemberSample/Data Models/Member+CoreDataProperties.swift"; sourceTree = "<absolute>"; };
		B85A74252211EFD900C21033 /* Fetchable.swift */ = {isa = PBXFileReference; fileEncoding = 4; lastKnownFileType = sourcecode.swift; path = Fetchable.swift; sourceTree = "<group>"; };
		B85A74262211EFD900C21033 /* FetchableDecodable.swift */ = {isa = PBXFileReference; fileEncoding = 4; lastKnownFileType = sourcecode.swift; path = FetchableDecodable.swift; sourceTree = "<group>"; };
		B85A742A2211F23400C21033 /* NSObject+Additions.swift */ = {isa = PBXFileReference; lastKnownFileType = sourcecode.swift; path = "NSObject+Additions.swift"; sourceTree = "<group>"; };
		B85A742C2211F4D900C21033 /* DispatchQueueDictionary.swift */ = {isa = PBXFileReference; lastKnownFileType = sourcecode.swift; path = DispatchQueueDictionary.swift; sourceTree = "<group>"; };
		B85A74302212351100C21033 /* Dictionary+Json.swift */ = {isa = PBXFileReference; lastKnownFileType = sourcecode.swift; path = "Dictionary+Json.swift"; sourceTree = "<group>"; };
		B85A743222123FFD00C21033 /* Member+Syncable.swift */ = {isa = PBXFileReference; lastKnownFileType = sourcecode.swift; path = "Member+Syncable.swift"; sourceTree = "<group>"; };
		B85A7434221240A300C21033 /* Syncable.swift */ = {isa = PBXFileReference; lastKnownFileType = sourcecode.swift; path = Syncable.swift; sourceTree = "<group>"; };
		B85A74362213651800C21033 /* README.md */ = {isa = PBXFileReference; fileEncoding = 4; lastKnownFileType = net.daringfireball.markdown; path = README.md; sourceTree = "<group>"; };
		B8FB34F7221CCF6000DAA409 /* MemberSampleTests.xctest */ = {isa = PBXFileReference; explicitFileType = wrapper.cfbundle; includeInIndex = 0; path = MemberSampleTests.xctest; sourceTree = BUILT_PRODUCTS_DIR; };
		B8FB34F9221CCF6000DAA409 /* MemberSampleTests.swift */ = {isa = PBXFileReference; lastKnownFileType = sourcecode.swift; path = MemberSampleTests.swift; sourceTree = "<group>"; };
		B8FB34FB221CCF6100DAA409 /* Info.plist */ = {isa = PBXFileReference; lastKnownFileType = text.plist.xml; path = Info.plist; sourceTree = "<group>"; };
		B8FB3501221CCFA800DAA409 /* CoreDataTestCase.swift */ = {isa = PBXFileReference; lastKnownFileType = sourcecode.swift; path = CoreDataTestCase.swift; sourceTree = "<group>"; };
		B8FB3503221CD10400DAA409 /* FetchableDecodableArrayTest.swift */ = {isa = PBXFileReference; lastKnownFileType = sourcecode.swift; path = FetchableDecodableArrayTest.swift; sourceTree = "<group>"; };
		B8FB3505221CD2D900DAA409 /* JSONSerialization+Additions.swift */ = {isa = PBXFileReference; fileEncoding = 4; lastKnownFileType = sourcecode.swift; path = "JSONSerialization+Additions.swift"; sourceTree = "<group>"; };
		B8FB3507221CD79800DAA409 /* main.swift */ = {isa = PBXFileReference; fileEncoding = 4; lastKnownFileType = sourcecode.swift; path = main.swift; sourceTree = "<group>"; };
		B8FB3508221CD79800DAA409 /* TestingAppDelegate.swift */ = {isa = PBXFileReference; fileEncoding = 4; lastKnownFileType = sourcecode.swift; path = TestingAppDelegate.swift; sourceTree = "<group>"; };
		D2BCDF3B6FFE4C96447EA07F /* Pods-MemberSample.debug.xcconfig */ = {isa = PBXFileReference; includeInIndex = 1; lastKnownFileType = text.xcconfig; name = "Pods-MemberSample.debug.xcconfig"; path = "Pods/Target Support Files/Pods-MemberSample/Pods-MemberSample.debug.xcconfig"; sourceTree = "<group>"; };
		F29A02E7B20D5AB42FCDD71E /* Pods_MemberSampleTests.framework */ = {isa = PBXFileReference; explicitFileType = wrapper.framework; includeInIndex = 0; path = Pods_MemberSampleTests.framework; sourceTree = BUILT_PRODUCTS_DIR; };
		F987B57801B2CCD75D84E0FE /* Pods-MemberSampleTests.release.xcconfig */ = {isa = PBXFileReference; includeInIndex = 1; lastKnownFileType = text.xcconfig; name = "Pods-MemberSampleTests.release.xcconfig"; path = "Pods/Target Support Files/Pods-MemberSampleTests/Pods-MemberSampleTests.release.xcconfig"; sourceTree = "<group>"; };
/* End PBXFileReference section */

/* Begin PBXFrameworksBuildPhase section */
		B85A74012211E41500C21033 /* Frameworks */ = {
			isa = PBXFrameworksBuildPhase;
			buildActionMask = 2147483647;
			files = (
				9B0519D66319BFD0A33209CA /* Pods_MemberSample.framework in Frameworks */,
			);
			runOnlyForDeploymentPostprocessing = 0;
		};
		B8FB34F4221CCF6000DAA409 /* Frameworks */ = {
			isa = PBXFrameworksBuildPhase;
			buildActionMask = 2147483647;
			files = (
				9060367A5E1F15F3F51111B5 /* Pods_MemberSampleTests.framework in Frameworks */,
			);
			runOnlyForDeploymentPostprocessing = 0;
		};
/* End PBXFrameworksBuildPhase section */

/* Begin PBXGroup section */
		A660C0A366DE93F1A27CB333 /* Frameworks */ = {
			isa = PBXGroup;
			children = (
				A3F6C902ADA735D005E8DBBC /* Pods_MemberSample.framework */,
				F29A02E7B20D5AB42FCDD71E /* Pods_MemberSampleTests.framework */,
			);
			name = Frameworks;
			sourceTree = "<group>";
		};
		B85A73FB2211E41500C21033 = {
			isa = PBXGroup;
			children = (
				B85A74362213651800C21033 /* README.md */,
				B85A74062211E41500C21033 /* MemberSample */,
				B8FB34F8221CCF6000DAA409 /* MemberSampleTests */,
				B85A74052211E41500C21033 /* Products */,
				F4FD36ACD3BA279A252BBABA /* Pods */,
				A660C0A366DE93F1A27CB333 /* Frameworks */,
			);
			sourceTree = "<group>";
		};
		B85A74052211E41500C21033 /* Products */ = {
			isa = PBXGroup;
			children = (
				B85A74042211E41500C21033 /* MemberSample.app */,
				B8FB34F7221CCF6000DAA409 /* MemberSampleTests.xctest */,
			);
			name = Products;
			sourceTree = "<group>";
		};
		B85A74062211E41500C21033 /* MemberSample */ = {
			isa = PBXGroup;
			children = (
				B85A74182211E41800C21033 /* Info.plist */,
				B85A74072211E41500C21033 /* AppDelegate.swift */,
				B85A740E2211E41500C21033 /* DetailViewController.swift */,
				B8FB3507221CD79800DAA409 /* main.swift */,
				B85A740C2211E41500C21033 /* MasterViewController.swift */,
				B8FB3508221CD79800DAA409 /* TestingAppDelegate.swift */,
				B85A74132211E41800C21033 /* Assets.xcassets */,
				B85A74232211EC3B00C21033 /* Data Models */,
				B85A74242211ECB800C21033 /* Data Sync */,
				B85A74152211E41800C21033 /* LaunchScreen.storyboard */,
				B85A74102211E41500C21033 /* Main.storyboard */,
				B85A74292211F20C00C21033 /* Utilities */,
			);
			path = MemberSample;
			sourceTree = "<group>";
		};
		B85A74232211EC3B00C21033 /* Data Models */ = {
			isa = PBXGroup;
			children = (
				B85A741F2211EC0A00C21033 /* Member+CoreDataClass.swift */,
				B85A74202211EC0A00C21033 /* Member+CoreDataProperties.swift */,
				B85A74092211E41500C21033 /* MemberSample.xcdatamodeld */,
			);
			path = "Data Models";
			sourceTree = "<group>";
		};
		B85A74242211ECB800C21033 /* Data Sync */ = {
			isa = PBXGroup;
			children = (
				B85A74252211EFD900C21033 /* Fetchable.swift */,
				B85A74262211EFD900C21033 /* FetchableDecodable.swift */,
				B85A743222123FFD00C21033 /* Member+Syncable.swift */,
				B85A7434221240A300C21033 /* Syncable.swift */,
			);
			path = "Data Sync";
			sourceTree = "<group>";
		};
		B85A74292211F20C00C21033 /* Utilities */ = {
			isa = PBXGroup;
			children = (
				B85A742A2211F23400C21033 /* NSObject+Additions.swift */,
				B85A742C2211F4D900C21033 /* DispatchQueueDictionary.swift */,
				B85A74302212351100C21033 /* Dictionary+Json.swift */,
			);
			path = Utilities;
			sourceTree = "<group>";
		};
		B8FB34F8221CCF6000DAA409 /* MemberSampleTests */ = {
			isa = PBXGroup;
			children = (
				B8FB3505221CD2D900DAA409 /* JSONSerialization+Additions.swift */,
				B8FB34F9221CCF6000DAA409 /* MemberSampleTests.swift */,
				B8FB34FB221CCF6100DAA409 /* Info.plist */,
				B8FB3501221CCFA800DAA409 /* CoreDataTestCase.swift */,
				B8FB3503221CD10400DAA409 /* FetchableDecodableArrayTest.swift */,
			);
			path = MemberSampleTests;
			sourceTree = "<group>";
		};
		F4FD36ACD3BA279A252BBABA /* Pods */ = {
			isa = PBXGroup;
			children = (
				D2BCDF3B6FFE4C96447EA07F /* Pods-MemberSample.debug.xcconfig */,
				8F005632F6206428DFC5E783 /* Pods-MemberSample.release.xcconfig */,
				4380CBAB47BD2AE8F5129129 /* Pods-MemberSampleTests.debug.xcconfig */,
				F987B57801B2CCD75D84E0FE /* Pods-MemberSampleTests.release.xcconfig */,
			);
			name = Pods;
			sourceTree = "<group>";
		};
/* End PBXGroup section */

/* Begin PBXNativeTarget section */
		B85A74032211E41500C21033 /* MemberSample */ = {
			isa = PBXNativeTarget;
			buildConfigurationList = B85A741B2211E41800C21033 /* Build configuration list for PBXNativeTarget "MemberSample" */;
			buildPhases = (
				8E71B59EA1DDB55739216A64 /* [CP] Check Pods Manifest.lock */,
				B85A74002211E41500C21033 /* Sources */,
				B85A74012211E41500C21033 /* Frameworks */,
				B85A74022211E41500C21033 /* Resources */,
				6D2F0214F754C6813C3D81C1 /* [CP] Embed Pods Frameworks */,
			);
			buildRules = (
			);
			dependencies = (
			);
			name = MemberSample;
			productName = MemberSample;
			productReference = B85A74042211E41500C21033 /* MemberSample.app */;
			productType = "com.apple.product-type.application";
		};
		B8FB34F6221CCF6000DAA409 /* MemberSampleTests */ = {
			isa = PBXNativeTarget;
			buildConfigurationList = B8FB3500221CCF6100DAA409 /* Build configuration list for PBXNativeTarget "MemberSampleTests" */;
			buildPhases = (
				D50E8F8E7BEECC575EBF877C /* [CP] Check Pods Manifest.lock */,
				B8FB34F3221CCF6000DAA409 /* Sources */,
				B8FB34F4221CCF6000DAA409 /* Frameworks */,
				B8FB34F5221CCF6000DAA409 /* Resources */,
				80592C28BF87AB2DD0188DA0 /* [CP] Embed Pods Frameworks */,
			);
			buildRules = (
			);
			dependencies = (
				B8FB34FD221CCF6100DAA409 /* PBXTargetDependency */,
			);
			name = MemberSampleTests;
			productName = MemberSampleTests;
			productReference = B8FB34F7221CCF6000DAA409 /* MemberSampleTests.xctest */;
			productType = "com.apple.product-type.bundle.unit-test";
		};
/* End PBXNativeTarget section */

/* Begin PBXProject section */
		B85A73FC2211E41500C21033 /* Project object */ = {
			isa = PBXProject;
			attributes = {
				LastSwiftUpdateCheck = 1010;
				LastUpgradeCheck = 1010;
				ORGANIZATIONNAME = Cabosoft;
				TargetAttributes = {
					B85A74032211E41500C21033 = {
						CreatedOnToolsVersion = 10.1;
					};
					B8FB34F6221CCF6000DAA409 = {
						CreatedOnToolsVersion = 10.1;
						TestTargetID = B85A74032211E41500C21033;
					};
				};
			};
			buildConfigurationList = B85A73FF2211E41500C21033 /* Build configuration list for PBXProject "MemberSample" */;
			compatibilityVersion = "Xcode 9.3";
			developmentRegion = en;
			hasScannedForEncodings = 0;
			knownRegions = (
				en,
				Base,
			);
			mainGroup = B85A73FB2211E41500C21033;
			productRefGroup = B85A74052211E41500C21033 /* Products */;
			projectDirPath = "";
			projectRoot = "";
			targets = (
				B85A74032211E41500C21033 /* MemberSample */,
				B8FB34F6221CCF6000DAA409 /* MemberSampleTests */,
			);
		};
/* End PBXProject section */

/* Begin PBXResourcesBuildPhase section */
		B85A74022211E41500C21033 /* Resources */ = {
			isa = PBXResourcesBuildPhase;
			buildActionMask = 2147483647;
			files = (
				B85A74172211E41800C21033 /* LaunchScreen.storyboard in Resources */,
				B85A74142211E41800C21033 /* Assets.xcassets in Resources */,
				B85A74122211E41500C21033 /* Main.storyboard in Resources */,
			);
			runOnlyForDeploymentPostprocessing = 0;
		};
		B8FB34F5221CCF6000DAA409 /* Resources */ = {
			isa = PBXResourcesBuildPhase;
			buildActionMask = 2147483647;
			files = (
			);
			runOnlyForDeploymentPostprocessing = 0;
		};
/* End PBXResourcesBuildPhase section */

/* Begin PBXShellScriptBuildPhase section */
		6D2F0214F754C6813C3D81C1 /* [CP] Embed Pods Frameworks */ = {
			isa = PBXShellScriptBuildPhase;
			buildActionMask = 2147483647;
			files = (
			);
			inputPaths = (
				"${PODS_ROOT}/Target Support Files/Pods-MemberSample/Pods-MemberSample-frameworks.sh",
				"${BUILT_PRODUCTS_DIR}/Alamofire/Alamofire.framework",
				"${BUILT_PRODUCTS_DIR}/AlamofireImage/AlamofireImage.framework",
				"${BUILT_PRODUCTS_DIR}/DBC/DBC.framework",
			);
			name = "[CP] Embed Pods Frameworks";
			outputPaths = (
				"${TARGET_BUILD_DIR}/${FRAMEWORKS_FOLDER_PATH}/Alamofire.framework",
				"${TARGET_BUILD_DIR}/${FRAMEWORKS_FOLDER_PATH}/AlamofireImage.framework",
				"${TARGET_BUILD_DIR}/${FRAMEWORKS_FOLDER_PATH}/DBC.framework",
			);
			runOnlyForDeploymentPostprocessing = 0;
			shellPath = /bin/sh;
			shellScript = "\"${PODS_ROOT}/Target Support Files/Pods-MemberSample/Pods-MemberSample-frameworks.sh\"\n";
			showEnvVarsInLog = 0;
		};
		80592C28BF87AB2DD0188DA0 /* [CP] Embed Pods Frameworks */ = {
			isa = PBXShellScriptBuildPhase;
			buildActionMask = 2147483647;
			files = (
			);
			inputFileListPaths = (
			);
			inputPaths = (
				"${PODS_ROOT}/Target Support Files/Pods-MemberSampleTests/Pods-MemberSampleTests-frameworks.sh",
				"${BUILT_PRODUCTS_DIR}/MagicalRecord/MagicalRecord.framework",
			);
			name = "[CP] Embed Pods Frameworks";
			outputFileListPaths = (
			);
			outputPaths = (
				"${TARGET_BUILD_DIR}/${FRAMEWORKS_FOLDER_PATH}/MagicalRecord.framework",
			);
			runOnlyForDeploymentPostprocessing = 0;
			shellPath = /bin/sh;
			shellScript = "\"${PODS_ROOT}/Target Support Files/Pods-MemberSampleTests/Pods-MemberSampleTests-frameworks.sh\"\n";
			showEnvVarsInLog = 0;
		};
		8E71B59EA1DDB55739216A64 /* [CP] Check Pods Manifest.lock */ = {
			isa = PBXShellScriptBuildPhase;
			buildActionMask = 2147483647;
			files = (
			);
			inputPaths = (
				"${PODS_PODFILE_DIR_PATH}/Podfile.lock",
				"${PODS_ROOT}/Manifest.lock",
			);
			name = "[CP] Check Pods Manifest.lock";
			outputPaths = (
				"$(DERIVED_FILE_DIR)/Pods-MemberSample-checkManifestLockResult.txt",
			);
			runOnlyForDeploymentPostprocessing = 0;
			shellPath = /bin/sh;
			shellScript = "diff \"${PODS_PODFILE_DIR_PATH}/Podfile.lock\" \"${PODS_ROOT}/Manifest.lock\" > /dev/null\nif [ $? != 0 ] ; then\n    # print error to STDERR\n    echo \"error: The sandbox is not in sync with the Podfile.lock. Run 'pod install' or update your CocoaPods installation.\" >&2\n    exit 1\nfi\n# This output is used by Xcode 'outputs' to avoid re-running this script phase.\necho \"SUCCESS\" > \"${SCRIPT_OUTPUT_FILE_0}\"\n";
			showEnvVarsInLog = 0;
		};
		D50E8F8E7BEECC575EBF877C /* [CP] Check Pods Manifest.lock */ = {
			isa = PBXShellScriptBuildPhase;
			buildActionMask = 2147483647;
			files = (
			);
			inputFileListPaths = (
			);
			inputPaths = (
				"${PODS_PODFILE_DIR_PATH}/Podfile.lock",
				"${PODS_ROOT}/Manifest.lock",
			);
			name = "[CP] Check Pods Manifest.lock";
			outputFileListPaths = (
			);
			outputPaths = (
				"$(DERIVED_FILE_DIR)/Pods-MemberSampleTests-checkManifestLockResult.txt",
			);
			runOnlyForDeploymentPostprocessing = 0;
			shellPath = /bin/sh;
			shellScript = "diff \"${PODS_PODFILE_DIR_PATH}/Podfile.lock\" \"${PODS_ROOT}/Manifest.lock\" > /dev/null\nif [ $? != 0 ] ; then\n    # print error to STDERR\n    echo \"error: The sandbox is not in sync with the Podfile.lock. Run 'pod install' or update your CocoaPods installation.\" >&2\n    exit 1\nfi\n# This output is used by Xcode 'outputs' to avoid re-running this script phase.\necho \"SUCCESS\" > \"${SCRIPT_OUTPUT_FILE_0}\"\n";
			showEnvVarsInLog = 0;
		};
/* End PBXShellScriptBuildPhase section */

/* Begin PBXSourcesBuildPhase section */
		B85A74002211E41500C21033 /* Sources */ = {
			isa = PBXSourcesBuildPhase;
			buildActionMask = 2147483647;
			files = (
				B8FB350A221CD79800DAA409 /* TestingAppDelegate.swift in Sources */,
				B85A74082211E41500C21033 /* AppDelegate.swift in Sources */,
				B85A740B2211E41500C21033 /* MemberSample.xcdatamodeld in Sources */,
				B85A743322123FFD00C21033 /* Member+Syncable.swift in Sources */,
				B85A740D2211E41500C21033 /* MasterViewController.swift in Sources */,
				B85A74222211EC0A00C21033 /* Member+CoreDataProperties.swift in Sources */,
				B85A74282211EFD900C21033 /* FetchableDecodable.swift in Sources */,
				B85A742D2211F4D900C21033 /* DispatchQueueDictionary.swift in Sources */,
				B85A7435221240A300C21033 /* Syncable.swift in Sources */,
				B8FB3509221CD79800DAA409 /* main.swift in Sources */,
				B85A740F2211E41500C21033 /* DetailViewController.swift in Sources */,
				B85A74212211EC0A00C21033 /* Member+CoreDataClass.swift in Sources */,
				B85A74272211EFD900C21033 /* Fetchable.swift in Sources */,
				B85A74312212351100C21033 /* Dictionary+Json.swift in Sources */,
				B85A742B2211F23400C21033 /* NSObject+Additions.swift in Sources */,
			);
			runOnlyForDeploymentPostprocessing = 0;
		};
		B8FB34F3221CCF6000DAA409 /* Sources */ = {
			isa = PBXSourcesBuildPhase;
			buildActionMask = 2147483647;
			files = (
				B8FB3502221CCFA800DAA409 /* CoreDataTestCase.swift in Sources */,
				B8FB34FA221CCF6100DAA409 /* MemberSampleTests.swift in Sources */,
				B8FB3506221CD2D900DAA409 /* JSONSerialization+Additions.swift in Sources */,
				B8FB3515221CDC2700DAA409 /* MemberSample.xcdatamodeld in Sources */,
				B8FB3504221CD10400DAA409 /* FetchableDecodableArrayTest.swift in Sources */,
			);
			runOnlyForDeploymentPostprocessing = 0;
		};
/* End PBXSourcesBuildPhase section */

/* Begin PBXTargetDependency section */
		B8FB34FD221CCF6100DAA409 /* PBXTargetDependency */ = {
			isa = PBXTargetDependency;
			target = B85A74032211E41500C21033 /* MemberSample */;
			targetProxy = B8FB34FC221CCF6100DAA409 /* PBXContainerItemProxy */;
		};
/* End PBXTargetDependency section */

/* Begin PBXVariantGroup section */
		B85A74102211E41500C21033 /* Main.storyboard */ = {
			isa = PBXVariantGroup;
			children = (
				B85A74112211E41500C21033 /* Base */,
			);
			name = Main.storyboard;
			sourceTree = "<group>";
		};
		B85A74152211E41800C21033 /* LaunchScreen.storyboard */ = {
			isa = PBXVariantGroup;
			children = (
				B85A74162211E41800C21033 /* Base */,
			);
			name = LaunchScreen.storyboard;
			sourceTree = "<group>";
		};
/* End PBXVariantGroup section */

/* Begin XCBuildConfiguration section */
		B85A74192211E41800C21033 /* Debug */ = {
			isa = XCBuildConfiguration;
			buildSettings = {
				ALWAYS_SEARCH_USER_PATHS = NO;
				CLANG_ANALYZER_NONNULL = YES;
				CLANG_ANALYZER_NUMBER_OBJECT_CONVERSION = YES_AGGRESSIVE;
				CLANG_CXX_LANGUAGE_STANDARD = "gnu++14";
				CLANG_CXX_LIBRARY = "libc++";
				CLANG_ENABLE_MODULES = YES;
				CLANG_ENABLE_OBJC_ARC = YES;
				CLANG_ENABLE_OBJC_WEAK = YES;
				CLANG_WARN_BLOCK_CAPTURE_AUTORELEASING = YES;
				CLANG_WARN_BOOL_CONVERSION = YES;
				CLANG_WARN_COMMA = YES;
				CLANG_WARN_CONSTANT_CONVERSION = YES;
				CLANG_WARN_DEPRECATED_OBJC_IMPLEMENTATIONS = YES;
				CLANG_WARN_DIRECT_OBJC_ISA_USAGE = YES_ERROR;
				CLANG_WARN_DOCUMENTATION_COMMENTS = YES;
				CLANG_WARN_EMPTY_BODY = YES;
				CLANG_WARN_ENUM_CONVERSION = YES;
				CLANG_WARN_INFINITE_RECURSION = YES;
				CLANG_WARN_INT_CONVERSION = YES;
				CLANG_WARN_NON_LITERAL_NULL_CONVERSION = YES;
				CLANG_WARN_OBJC_IMPLICIT_RETAIN_SELF = YES;
				CLANG_WARN_OBJC_LITERAL_CONVERSION = YES;
				CLANG_WARN_OBJC_ROOT_CLASS = YES_ERROR;
				CLANG_WARN_RANGE_LOOP_ANALYSIS = YES;
				CLANG_WARN_STRICT_PROTOTYPES = YES;
				CLANG_WARN_SUSPICIOUS_MOVE = YES;
				CLANG_WARN_UNGUARDED_AVAILABILITY = YES_AGGRESSIVE;
				CLANG_WARN_UNREACHABLE_CODE = YES;
				CLANG_WARN__DUPLICATE_METHOD_MATCH = YES;
				CODE_SIGN_IDENTITY = "iPhone Developer";
				COPY_PHASE_STRIP = NO;
				DEBUG_INFORMATION_FORMAT = dwarf;
				ENABLE_STRICT_OBJC_MSGSEND = YES;
				ENABLE_TESTABILITY = YES;
				GCC_C_LANGUAGE_STANDARD = gnu11;
				GCC_DYNAMIC_NO_PIC = NO;
				GCC_NO_COMMON_BLOCKS = YES;
				GCC_OPTIMIZATION_LEVEL = 0;
				GCC_PREPROCESSOR_DEFINITIONS = (
					"DEBUG=1",
					"$(inherited)",
				);
				GCC_WARN_64_TO_32_BIT_CONVERSION = YES;
				GCC_WARN_ABOUT_RETURN_TYPE = YES_ERROR;
				GCC_WARN_UNDECLARED_SELECTOR = YES;
				GCC_WARN_UNINITIALIZED_AUTOS = YES_AGGRESSIVE;
				GCC_WARN_UNUSED_FUNCTION = YES;
				GCC_WARN_UNUSED_VARIABLE = YES;
				IPHONEOS_DEPLOYMENT_TARGET = 10.0;
				MTL_ENABLE_DEBUG_INFO = INCLUDE_SOURCE;
				MTL_FAST_MATH = YES;
				ONLY_ACTIVE_ARCH = YES;
				SDKROOT = iphoneos;
				SWIFT_ACTIVE_COMPILATION_CONDITIONS = DEBUG;
				SWIFT_OPTIMIZATION_LEVEL = "-Onone";
			};
			name = Debug;
		};
		B85A741A2211E41800C21033 /* Release */ = {
			isa = XCBuildConfiguration;
			buildSettings = {
				ALWAYS_SEARCH_USER_PATHS = NO;
				CLANG_ANALYZER_NONNULL = YES;
				CLANG_ANALYZER_NUMBER_OBJECT_CONVERSION = YES_AGGRESSIVE;
				CLANG_CXX_LANGUAGE_STANDARD = "gnu++14";
				CLANG_CXX_LIBRARY = "libc++";
				CLANG_ENABLE_MODULES = YES;
				CLANG_ENABLE_OBJC_ARC = YES;
				CLANG_ENABLE_OBJC_WEAK = YES;
				CLANG_WARN_BLOCK_CAPTURE_AUTORELEASING = YES;
				CLANG_WARN_BOOL_CONVERSION = YES;
				CLANG_WARN_COMMA = YES;
				CLANG_WARN_CONSTANT_CONVERSION = YES;
				CLANG_WARN_DEPRECATED_OBJC_IMPLEMENTATIONS = YES;
				CLANG_WARN_DIRECT_OBJC_ISA_USAGE = YES_ERROR;
				CLANG_WARN_DOCUMENTATION_COMMENTS = YES;
				CLANG_WARN_EMPTY_BODY = YES;
				CLANG_WARN_ENUM_CONVERSION = YES;
				CLANG_WARN_INFINITE_RECURSION = YES;
				CLANG_WARN_INT_CONVERSION = YES;
				CLANG_WARN_NON_LITERAL_NULL_CONVERSION = YES;
				CLANG_WARN_OBJC_IMPLICIT_RETAIN_SELF = YES;
				CLANG_WARN_OBJC_LITERAL_CONVERSION = YES;
				CLANG_WARN_OBJC_ROOT_CLASS = YES_ERROR;
				CLANG_WARN_RANGE_LOOP_ANALYSIS = YES;
				CLANG_WARN_STRICT_PROTOTYPES = YES;
				CLANG_WARN_SUSPICIOUS_MOVE = YES;
				CLANG_WARN_UNGUARDED_AVAILABILITY = YES_AGGRESSIVE;
				CLANG_WARN_UNREACHABLE_CODE = YES;
				CLANG_WARN__DUPLICATE_METHOD_MATCH = YES;
				CODE_SIGN_IDENTITY = "iPhone Developer";
				COPY_PHASE_STRIP = NO;
				DEBUG_INFORMATION_FORMAT = "dwarf-with-dsym";
				ENABLE_NS_ASSERTIONS = NO;
				ENABLE_STRICT_OBJC_MSGSEND = YES;
				GCC_C_LANGUAGE_STANDARD = gnu11;
				GCC_NO_COMMON_BLOCKS = YES;
				GCC_WARN_64_TO_32_BIT_CONVERSION = YES;
				GCC_WARN_ABOUT_RETURN_TYPE = YES_ERROR;
				GCC_WARN_UNDECLARED_SELECTOR = YES;
				GCC_WARN_UNINITIALIZED_AUTOS = YES_AGGRESSIVE;
				GCC_WARN_UNUSED_FUNCTION = YES;
				GCC_WARN_UNUSED_VARIABLE = YES;
				IPHONEOS_DEPLOYMENT_TARGET = 10.0;
				MTL_ENABLE_DEBUG_INFO = NO;
				MTL_FAST_MATH = YES;
				SDKROOT = iphoneos;
				SWIFT_COMPILATION_MODE = wholemodule;
				SWIFT_OPTIMIZATION_LEVEL = "-O";
				VALIDATE_PRODUCT = YES;
			};
			name = Release;
		};
		B85A741C2211E41800C21033 /* Debug */ = {
			isa = XCBuildConfiguration;
			baseConfigurationReference = D2BCDF3B6FFE4C96447EA07F /* Pods-MemberSample.debug.xcconfig */;
			buildSettings = {
				ASSETCATALOG_COMPILER_APPICON_NAME = AppIcon;
				CODE_SIGN_STYLE = Automatic;
				DEVELOPMENT_TEAM = XE63Z2QPWQ;
				INFOPLIST_FILE = MemberSample/Info.plist;
				LD_RUNPATH_SEARCH_PATHS = (
					"$(inherited)",
					"@executable_path/Frameworks",
				);
				PRODUCT_BUNDLE_IDENTIFIER = com.cabosoft.MemberSample;
				PRODUCT_NAME = "$(TARGET_NAME)";
				SWIFT_VERSION = 4.2;
				TARGETED_DEVICE_FAMILY = 1;
			};
			name = Debug;
		};
		B85A741D2211E41800C21033 /* Release */ = {
			isa = XCBuildConfiguration;
			baseConfigurationReference = 8F005632F6206428DFC5E783 /* Pods-MemberSample.release.xcconfig */;
			buildSettings = {
				ASSETCATALOG_COMPILER_APPICON_NAME = AppIcon;
				CODE_SIGN_STYLE = Automatic;
				DEVELOPMENT_TEAM = XE63Z2QPWQ;
				INFOPLIST_FILE = MemberSample/Info.plist;
				LD_RUNPATH_SEARCH_PATHS = (
					"$(inherited)",
					"@executable_path/Frameworks",
				);
				PRODUCT_BUNDLE_IDENTIFIER = com.cabosoft.MemberSample;
				PRODUCT_NAME = "$(TARGET_NAME)";
				SWIFT_VERSION = 4.2;
				TARGETED_DEVICE_FAMILY = 1;
			};
			name = Release;
		};
		B8FB34FE221CCF6100DAA409 /* Debug */ = {
			isa = XCBuildConfiguration;
			baseConfigurationReference = 4380CBAB47BD2AE8F5129129 /* Pods-MemberSampleTests.debug.xcconfig */;
			buildSettings = {
				BUNDLE_LOADER = "$(TEST_HOST)";
				CODE_SIGN_STYLE = Automatic;
				DEVELOPMENT_TEAM = XE63Z2QPWQ;
				INFOPLIST_FILE = MemberSampleTests/Info.plist;
				IPHONEOS_DEPLOYMENT_TARGET = 12.1;
				LD_RUNPATH_SEARCH_PATHS = (
					"$(inherited)",
					"@executable_path/Frameworks",
					"@loader_path/Frameworks",
				);
				PRODUCT_BUNDLE_IDENTIFIER = com.cabosoft.MemberSampleTests;
				PRODUCT_NAME = "$(TARGET_NAME)";
				SWIFT_VERSION = 4.2;
				TARGETED_DEVICE_FAMILY = "1,2";
				TEST_HOST = "$(BUILT_PRODUCTS_DIR)/MemberSample.app/MemberSample";
			};
			name = Debug;
		};
		B8FB34FF221CCF6100DAA409 /* Release */ = {
			isa = XCBuildConfiguration;
			baseConfigurationReference = F987B57801B2CCD75D84E0FE /* Pods-MemberSampleTests.release.xcconfig */;
			buildSettings = {
				BUNDLE_LOADER = "$(TEST_HOST)";
				CODE_SIGN_STYLE = Automatic;
				DEVELOPMENT_TEAM = XE63Z2QPWQ;
				INFOPLIST_FILE = MemberSampleTests/Info.plist;
				IPHONEOS_DEPLOYMENT_TARGET = 12.1;
				LD_RUNPATH_SEARCH_PATHS = (
					"$(inherited)",
					"@executable_path/Frameworks",
					"@loader_path/Frameworks",
				);
				PRODUCT_BUNDLE_IDENTIFIER = com.cabosoft.MemberSampleTests;
				PRODUCT_NAME = "$(TARGET_NAME)";
				SWIFT_VERSION = 4.2;
				TARGETED_DEVICE_FAMILY = "1,2";
				TEST_HOST = "$(BUILT_PRODUCTS_DIR)/MemberSample.app/MemberSample";
			};
			name = Release;
		};
/* End XCBuildConfiguration section */

/* Begin XCConfigurationList section */
		B85A73FF2211E41500C21033 /* Build configuration list for PBXProject "MemberSample" */ = {
			isa = XCConfigurationList;
			buildConfigurations = (
				B85A74192211E41800C21033 /* Debug */,
				B85A741A2211E41800C21033 /* Release */,
			);
			defaultConfigurationIsVisible = 0;
			defaultConfigurationName = Release;
		};
		B85A741B2211E41800C21033 /* Build configuration list for PBXNativeTarget "MemberSample" */ = {
			isa = XCConfigurationList;
			buildConfigurations = (
				B85A741C2211E41800C21033 /* Debug */,
				B85A741D2211E41800C21033 /* Release */,
			);
			defaultConfigurationIsVisible = 0;
			defaultConfigurationName = Release;
		};
		B8FB3500221CCF6100DAA409 /* Build configuration list for PBXNativeTarget "MemberSampleTests" */ = {
			isa = XCConfigurationList;
			buildConfigurations = (
				B8FB34FE221CCF6100DAA409 /* Debug */,
				B8FB34FF221CCF6100DAA409 /* Release */,
			);
			defaultConfigurationIsVisible = 0;
			defaultConfigurationName = Release;
		};
/* End XCConfigurationList section */

/* Begin XCVersionGroup section */
		B85A74092211E41500C21033 /* MemberSample.xcdatamodeld */ = {
			isa = XCVersionGroup;
			children = (
				B85A740A2211E41500C21033 /* MemberSample.xcdatamodel */,
			);
			currentVersion = B85A740A2211E41500C21033 /* MemberSample.xcdatamodel */;
			path = MemberSample.xcdatamodeld;
			sourceTree = "<group>";
			versionGroupType = wrapper.xcdatamodel;
		};
/* End XCVersionGroup section */
	};
	rootObject = B85A73FC2211E41500C21033 /* Project object */;
}
